
Microsoft Visual Studio Solution File, Format Version 11.00
# Visual Studio 2010
Project("{FAE04EC0-301F-11D3-BF4B-00C04F79EFBC}") = "SmartServiceFactory", "SmartServiceFactory\SmartServiceFactory.csproj", "{5E738C96-481C-48FE-BDF6-ED78973188FF}"
EndProject
Global
	GlobalSection(SolutionConfigurationPlatforms) = preSolution
		Debug|Any CPU = Debug|Any CPU
		Release|Any CPU = Release|Any CPU
	EndGlobalSection
	GlobalSection(ProjectConfigurationPlatforms) = postSolution
		{5E738C96-481C-48FE-BDF6-ED78973188FF}.Debug|Any CPU.ActiveCfg = Debug|Any CPU
		{5E738C96-481C-48FE-BDF6-ED78973188FF}.Debug|Any CPU.Build.0 = Debug|Any CPU
		{5E738C96-481C-48FE-BDF6-ED78973188FF}.Release|Any CPU.ActiveCfg = Release|Any CPU
		{5E738C96-481C-48FE-BDF6-ED78973188FF}.Release|Any CPU.Build.0 = Release|Any CPU
	EndGlobalSection
	GlobalSection(SolutionProperties) = preSolution
		HideSolutionNode = FALSE
	EndGlobalSection
EndGlobal
