
Microsoft Visual Studio Solution File, Format Version 11.00
# Visual Studio 2010
Project("{2150E333-8FDC-42A3-9474-1A3956D46DE8}") = "BLL", "BLL", "{A96B7D5E-4367-4B93-8275-B7403DEFBF0E}"
EndProject
Project("{2150E333-8FDC-42A3-9474-1A3956D46DE8}") = "DAL", "DAL", "{193D2A15-BCAA-4C6B-A4BA-002CEE2E0EFB}"
EndProject
Project("{2150E333-8FDC-42A3-9474-1A3956D46DE8}") = "Service", "Service", "{96C904D1-ED3F-48D7-8E8B-22133E6F2706}"
EndProject
Project("{2150E333-8FDC-42A3-9474-1A3956D46DE8}") = "Utility", "Utility", "{45042545-DE08-40B0-9FC8-91C03EAC92FF}"
EndProject
Project("{2150E333-8FDC-42A3-9474-1A3956D46DE8}") = "Entity", "Entity", "{8F42C1CA-54D1-41A3-B04A-021B4B95435C}"
EndProject
Project("{F088123C-0E9E-452A-89E6-6BA2F21D5CAC}") = "SmartCampusModelVerification", "SmartCampusModelVerification\SmartCampusModelVerification.modelproj", "{BBCA9F90-DB7C-420E-87DC-8B5B44D110DB}"
EndProject
Project("{FAE04EC0-301F-11D3-BF4B-00C04F79EFBC}") = "SmartCampusBLL", "SmartCampusBLL\SmartCampusBLL.csproj", "{D0914C6D-D8F9-4A68-A890-CDE6D667BF57}"
EndProject
Project("{FAE04EC0-301F-11D3-BF4B-00C04F79EFBC}") = "SmartCampusAccessDAL", "SmartCampusAccessDAL\SmartCampusAccessDAL.csproj", "{01BF55FA-F2B2-48C3-86C3-E6F6F3352816}"
EndProject
Project("{FAE04EC0-301F-11D3-BF4B-00C04F79EFBC}") = "SmartCampusDBUtility", "SmartCampusDBUtility\SmartCampusDBUtility.csproj", "{9239C0E1-1E95-46D3-838A-95F75CE73732}"
EndProject
Project("{FAE04EC0-301F-11D3-BF4B-00C04F79EFBC}") = "SmartCampusIDAL", "SmartCampusIDAL\SmartCampusIDAL.csproj", "{0D1D94E5-A7FA-4694-B3EB-1F464B89E067}"
EndProject
Project("{FAE04EC0-301F-11D3-BF4B-00C04F79EFBC}") = "SmartCampusMySqlDAL", "SmartCampusMySqlDAL\SmartCampusMySqlDAL.csproj", "{AB9170D9-B23E-4B96-B913-F950EE47D18B}"
EndProject
Project("{FAE04EC0-301F-11D3-BF4B-00C04F79EFBC}") = "SmartCampusOracleDAL", "SmartCampusOracleDAL\SmartCampusOracleDAL.csproj", "{1CD75BD3-AEB9-48CD-B080-7AB1C89BD4F4}"
EndProject
Project("{FAE04EC0-301F-11D3-BF4B-00C04F79EFBC}") = "SmartCampusSqlServerDAL", "SmartCampusSqlServerDAL\SmartCampusSqlServerDAL.csproj", "{A85924EC-0C23-4825-B73A-7AA909275472}"
EndProject
Project("{FAE04EC0-301F-11D3-BF4B-00C04F79EFBC}") = "SmartCampusDTO", "SmartCampusDTO\SmartCampusDTO.csproj", "{E77C6829-8BFD-4B09-AE32-49CE3E608621}"
EndProject
Project("{FAE04EC0-301F-11D3-BF4B-00C04F79EFBC}") = "SmartCampusEntity", "SmartCampusEntity\SmartCampusEntity.csproj", "{CBA028BD-9E0E-4034-89FC-6EDCAE732643}"
EndProject
Project("{FAE04EC0-301F-11D3-BF4B-00C04F79EFBC}") = "SmartCampusAppFacade", "SmartCampusAppFacade\SmartCampusAppFacade.csproj", "{3FA29AE1-D7CB-4638-88D8-A56D36C4B1EC}"
EndProject
Project("{FAE04EC0-301F-11D3-BF4B-00C04F79EFBC}") = "SmartCampusServiceFactory", "SmartCampusServiceFactory\SmartCampusServiceFactory.csproj", "{FF985E3E-7D16-44D3-877B-55795B8F7AA8}"
EndProject
Project("{FAE04EC0-301F-11D3-BF4B-00C04F79EFBC}") = "SmartCampusServiceInterfaces", "SmartCampusServiceInterfaces\SmartCampusServiceInterfaces.csproj", "{0E2A0FCD-64A2-46EB-BBFF-8FFCFD955B53}"
EndProject
Project("{FAE04EC0-301F-11D3-BF4B-00C04F79EFBC}") = "SmartCampusLog", "SmartCampusLog\SmartCampusLog.csproj", "{D3D1283C-280F-4070-B842-DC7D8683E476}"
EndProject
Project("{FAE04EC0-301F-11D3-BF4B-00C04F79EFBC}") = "SmartCampusSecurity", "SmartCampusSecurity\SmartCampusSecurity.csproj", "{2FF9365A-CA46-48FE-8432-958F9538295E}"
EndProject
Project("{FAE04EC0-301F-11D3-BF4B-00C04F79EFBC}") = "SmartCampusUtility", "SmartCampusUtility\SmartCampusUtility.csproj", "{48D2F710-A212-4B3A-A5F1-F44697F47E8C}"
EndProject
Project("{E24C65DC-7377-472B-9ABA-BC803B73C61A}") = "SmartCampusAPP", "SmartCampusAPP", "{29DBAB82-DC18-4C56-8B41-FEE0B39979FB}"
	ProjectSection(WebsiteProperties) = preProject
		TargetFrameworkMoniker = ".NETFramework,Version%3Dv2.0"
		Debug.AspNetCompiler.VirtualPath = "/SmartCampusAPP"
		Debug.AspNetCompiler.PhysicalPath = "SmartCampusAPP\"
		Debug.AspNetCompiler.TargetPath = "PrecompiledWeb\SmartCampusAPP\"
		Debug.AspNetCompiler.Updateable = "true"
		Debug.AspNetCompiler.ForceOverwrite = "true"
		Debug.AspNetCompiler.FixedNames = "false"
		Debug.AspNetCompiler.Debug = "True"
		Release.AspNetCompiler.VirtualPath = "/SmartCampusAPP"
		Release.AspNetCompiler.PhysicalPath = "SmartCampusAPP\"
		Release.AspNetCompiler.TargetPath = "PrecompiledWeb\SmartCampusAPP\"
		Release.AspNetCompiler.Updateable = "true"
		Release.AspNetCompiler.ForceOverwrite = "true"
		Release.AspNetCompiler.FixedNames = "false"
		Release.AspNetCompiler.Debug = "False"
		VWDPort = "4415"
	EndProjectSection
EndProject
Global
	GlobalSection(TeamFoundationVersionControl) = preSolution
		SccNumberOfProjects = 18
		SccEnterpriseProvider = {4CA58AB2-18FA-4F8D-95D4-32DDF27D184C}
		SccTeamFoundationServer = https://tfs.codeplex.com/tfs/tfs37
		SccLocalPath0 = .
		SccProjectUniqueName1 = SmartCampus.Log\\SmartCampus.Log.csproj
		SccProjectTopLevelParentUniqueName1 = SmartCampus-10.sln
		SccProjectName1 = SmartCampus.Log
		SccLocalPath1 = SmartCampus.Log
		SccProjectUniqueName2 = SmartCampus.MySqlDAL\\SmartCampus.MySqlDAL.csproj
		SccProjectTopLevelParentUniqueName2 = SmartCampus-10.sln
		SccProjectName2 = SmartCampus.MySqlDAL
		SccLocalPath2 = SmartCampus.MySqlDAL
		SccProjectUniqueName3 = SmartCampus.OracleDAL\\SmartCampus.OracleDAL.csproj
		SccProjectTopLevelParentUniqueName3 = SmartCampus-10.sln
		SccProjectName3 = SmartCampus.OracleDAL
		SccLocalPath3 = SmartCampus.OracleDAL
		SccProjectUniqueName4 = SmartCampus.IDAL\\SmartCampus.IDAL.csproj
		SccProjectTopLevelParentUniqueName4 = SmartCampus-10.sln
		SccProjectName4 = SmartCampus.IDAL
		SccLocalPath4 = SmartCampus.IDAL
		SccProjectUniqueName5 = SmartCampus.AppFacade\\SmartCampus.AppFacade.csproj
		SccProjectTopLevelParentUniqueName5 = SmartCampus-10.sln
		SccProjectName5 = SmartCampus.AppFacade
		SccLocalPath5 = SmartCampus.AppFacade
		SccProjectUniqueName6 = SmartCampus.Utility\\SmartCampus.Utility.csproj
		SccProjectTopLevelParentUniqueName6 = SmartCampus-10.sln
		SccProjectName6 = SmartCampus.Utility
		SccLocalPath6 = SmartCampus.Utility
		SccProjectUniqueName7 = SmartCampus.DBUtility\\SmartCampus.DBUtility.csproj
		SccProjectTopLevelParentUniqueName7 = SmartCampus-10.sln
		SccProjectName7 = SmartCampus.DBUtility
		SccLocalPath7 = SmartCampus.DBUtility
		SccProjectUniqueName8 = SmartCampus.AccessDAL\\SmartCampus.AccessDAL.csproj
		SccProjectTopLevelParentUniqueName8 = SmartCampus-10.sln
		SccProjectName8 = SmartCampus.AccessDAL
		SccLocalPath8 = SmartCampus.AccessDAL
		SccProjectUniqueName9 = SmartCampus.Security\\SmartCampus.Security.csproj
		SccProjectTopLevelParentUniqueName9 = SmartCampus-10.sln
		SccProjectName9 = SmartCampus.Security
		SccLocalPath9 = SmartCampus.Security
		SccProjectUniqueName10 = SmartCampus.APP\\SmartCampus.APP.csproj
		SccProjectName10 = SmartCampus.APP
		SccLocalPath10 = SmartCampus.APP
		SccProjectUniqueName11 = SmartCampus.BLL\\SmartCampus.BLL.csproj
		SccProjectTopLevelParentUniqueName11 = SmartCampus-10.sln
		SccProjectName11 = SmartCampus.BLL
		SccLocalPath11 = SmartCampus.BLL
		SccProjectUniqueName12 = SmartCampus.DTO\\SmartCampus.DTO.csproj
		SccProjectTopLevelParentUniqueName12 = SmartCampus-10.sln
		SccProjectName12 = SmartCampus.DTO
		SccLocalPath12 = SmartCampus.DTO
		SccProjectUniqueName13 = SmartCampus.ModelVerification\\SmartCampus.ModelVerification.modelproj
		SccProjectName13 = SmartCampus.ModelVerification
		SccLocalPath13 = SmartCampus.ModelVerification
		SccProjectUniqueName14 = SmartCampus.ServiceFactory\\SmartCampus.ServiceFactory.csproj
		SccProjectTopLevelParentUniqueName14 = SmartCampus-10.sln
		SccProjectName14 = SmartCampus.ServiceFactory
		SccLocalPath14 = SmartCampus.ServiceFactory
		SccProjectUniqueName15 = SmartCampus.ServiceInterfaces\\SmartCampus.ServiceInterfaces.csproj
		SccProjectTopLevelParentUniqueName15 = SmartCampus-10.sln
		SccProjectName15 = SmartCampus.ServiceInterfaces
		SccLocalPath15 = SmartCampus.ServiceInterfaces
		SccProjectUniqueName16 = SmartCampus.SqlServerDAL\\SmartCampus.SqlServerDAL.csproj
		SccProjectTopLevelParentUniqueName16 = SmartCampus-10.sln
		SccProjectName16 = SmartCampus.SqlServerDAL
		SccLocalPath16 = SmartCampus.SqlServerDAL
		SccProjectUniqueName17 = SmartCampus.Entity\\SmartCampus.Entity.csproj
		SccProjectTopLevelParentUniqueName17 = SmartCampus-10.sln
		SccProjectName17 = SmartCampus.Entity
		SccLocalPath17 = SmartCampus.Entity
	EndGlobalSection
	GlobalSection(SolutionConfigurationPlatforms) = preSolution
		Debug|Any CPU = Debug|Any CPU
		Release|Any CPU = Release|Any CPU
	EndGlobalSection
	GlobalSection(ProjectConfigurationPlatforms) = postSolution
		{BBCA9F90-DB7C-420E-87DC-8B5B44D110DB}.Debug|Any CPU.ActiveCfg = Debug|Any CPU
		{BBCA9F90-DB7C-420E-87DC-8B5B44D110DB}.Debug|Any CPU.Build.0 = Debug|Any CPU
		{BBCA9F90-DB7C-420E-87DC-8B5B44D110DB}.Release|Any CPU.ActiveCfg = Release|Any CPU
		{BBCA9F90-DB7C-420E-87DC-8B5B44D110DB}.Release|Any CPU.Build.0 = Release|Any CPU
		{D0914C6D-D8F9-4A68-A890-CDE6D667BF57}.Debug|Any CPU.ActiveCfg = Debug|Any CPU
		{D0914C6D-D8F9-4A68-A890-CDE6D667BF57}.Debug|Any CPU.Build.0 = Debug|Any CPU
		{D0914C6D-D8F9-4A68-A890-CDE6D667BF57}.Release|Any CPU.ActiveCfg = Release|Any CPU
		{D0914C6D-D8F9-4A68-A890-CDE6D667BF57}.Release|Any CPU.Build.0 = Release|Any CPU
		{01BF55FA-F2B2-48C3-86C3-E6F6F3352816}.Debug|Any CPU.ActiveCfg = Debug|Any CPU
		{01BF55FA-F2B2-48C3-86C3-E6F6F3352816}.Debug|Any CPU.Build.0 = Debug|Any CPU
		{01BF55FA-F2B2-48C3-86C3-E6F6F3352816}.Release|Any CPU.ActiveCfg = Release|Any CPU
		{01BF55FA-F2B2-48C3-86C3-E6F6F3352816}.Release|Any CPU.Build.0 = Release|Any CPU
		{9239C0E1-1E95-46D3-838A-95F75CE73732}.Debug|Any CPU.ActiveCfg = Debug|Any CPU
		{9239C0E1-1E95-46D3-838A-95F75CE73732}.Debug|Any CPU.Build.0 = Debug|Any CPU
		{9239C0E1-1E95-46D3-838A-95F75CE73732}.Release|Any CPU.ActiveCfg = Release|Any CPU
		{9239C0E1-1E95-46D3-838A-95F75CE73732}.Release|Any CPU.Build.0 = Release|Any CPU
		{0D1D94E5-A7FA-4694-B3EB-1F464B89E067}.Debug|Any CPU.ActiveCfg = Debug|Any CPU
		{0D1D94E5-A7FA-4694-B3EB-1F464B89E067}.Debug|Any CPU.Build.0 = Debug|Any CPU
		{0D1D94E5-A7FA-4694-B3EB-1F464B89E067}.Release|Any CPU.ActiveCfg = Release|Any CPU
		{0D1D94E5-A7FA-4694-B3EB-1F464B89E067}.Release|Any CPU.Build.0 = Release|Any CPU
		{AB9170D9-B23E-4B96-B913-F950EE47D18B}.Debug|Any CPU.ActiveCfg = Debug|Any CPU
		{AB9170D9-B23E-4B96-B913-F950EE47D18B}.Debug|Any CPU.Build.0 = Debug|Any CPU
		{AB9170D9-B23E-4B96-B913-F950EE47D18B}.Release|Any CPU.ActiveCfg = Release|Any CPU
		{AB9170D9-B23E-4B96-B913-F950EE47D18B}.Release|Any CPU.Build.0 = Release|Any CPU
		{1CD75BD3-AEB9-48CD-B080-7AB1C89BD4F4}.Debug|Any CPU.ActiveCfg = Debug|Any CPU
		{1CD75BD3-AEB9-48CD-B080-7AB1C89BD4F4}.Debug|Any CPU.Build.0 = Debug|Any CPU
		{1CD75BD3-AEB9-48CD-B080-7AB1C89BD4F4}.Release|Any CPU.ActiveCfg = Release|Any CPU
		{1CD75BD3-AEB9-48CD-B080-7AB1C89BD4F4}.Release|Any CPU.Build.0 = Release|Any CPU
		{A85924EC-0C23-4825-B73A-7AA909275472}.Debug|Any CPU.ActiveCfg = Debug|Any CPU
		{A85924EC-0C23-4825-B73A-7AA909275472}.Debug|Any CPU.Build.0 = Debug|Any CPU
		{A85924EC-0C23-4825-B73A-7AA909275472}.Release|Any CPU.ActiveCfg = Release|Any CPU
		{A85924EC-0C23-4825-B73A-7AA909275472}.Release|Any CPU.Build.0 = Release|Any CPU
		{E77C6829-8BFD-4B09-AE32-49CE3E608621}.Debug|Any CPU.ActiveCfg = Debug|Any CPU
		{E77C6829-8BFD-4B09-AE32-49CE3E608621}.Debug|Any CPU.Build.0 = Debug|Any CPU
		{E77C6829-8BFD-4B09-AE32-49CE3E608621}.Release|Any CPU.ActiveCfg = Release|Any CPU
		{E77C6829-8BFD-4B09-AE32-49CE3E608621}.Release|Any CPU.Build.0 = Release|Any CPU
		{CBA028BD-9E0E-4034-89FC-6EDCAE732643}.Debug|Any CPU.ActiveCfg = Debug|Any CPU
		{CBA028BD-9E0E-4034-89FC-6EDCAE732643}.Debug|Any CPU.Build.0 = Debug|Any CPU
		{CBA028BD-9E0E-4034-89FC-6EDCAE732643}.Release|Any CPU.ActiveCfg = Release|Any CPU
		{CBA028BD-9E0E-4034-89FC-6EDCAE732643}.Release|Any CPU.Build.0 = Release|Any CPU
		{3FA29AE1-D7CB-4638-88D8-A56D36C4B1EC}.Debug|Any CPU.ActiveCfg = Debug|Any CPU
		{3FA29AE1-D7CB-4638-88D8-A56D36C4B1EC}.Debug|Any CPU.Build.0 = Debug|Any CPU
		{3FA29AE1-D7CB-4638-88D8-A56D36C4B1EC}.Release|Any CPU.ActiveCfg = Release|Any CPU
		{3FA29AE1-D7CB-4638-88D8-A56D36C4B1EC}.Release|Any CPU.Build.0 = Release|Any CPU
		{FF985E3E-7D16-44D3-877B-55795B8F7AA8}.Debug|Any CPU.ActiveCfg = Debug|Any CPU
		{FF985E3E-7D16-44D3-877B-55795B8F7AA8}.Debug|Any CPU.Build.0 = Debug|Any CPU
		{FF985E3E-7D16-44D3-877B-55795B8F7AA8}.Release|Any CPU.ActiveCfg = Release|Any CPU
		{FF985E3E-7D16-44D3-877B-55795B8F7AA8}.Release|Any CPU.Build.0 = Release|Any CPU
		{0E2A0FCD-64A2-46EB-BBFF-8FFCFD955B53}.Debug|Any CPU.ActiveCfg = Debug|Any CPU
		{0E2A0FCD-64A2-46EB-BBFF-8FFCFD955B53}.Debug|Any CPU.Build.0 = Debug|Any CPU
		{0E2A0FCD-64A2-46EB-BBFF-8FFCFD955B53}.Release|Any CPU.ActiveCfg = Release|Any CPU
		{0E2A0FCD-64A2-46EB-BBFF-8FFCFD955B53}.Release|Any CPU.Build.0 = Release|Any CPU
		{D3D1283C-280F-4070-B842-DC7D8683E476}.Debug|Any CPU.ActiveCfg = Debug|Any CPU
		{D3D1283C-280F-4070-B842-DC7D8683E476}.Debug|Any CPU.Build.0 = Debug|Any CPU
		{D3D1283C-280F-4070-B842-DC7D8683E476}.Release|Any CPU.ActiveCfg = Release|Any CPU
		{D3D1283C-280F-4070-B842-DC7D8683E476}.Release|Any CPU.Build.0 = Release|Any CPU
		{2FF9365A-CA46-48FE-8432-958F9538295E}.Debug|Any CPU.ActiveCfg = Debug|Any CPU
		{2FF9365A-CA46-48FE-8432-958F9538295E}.Debug|Any CPU.Build.0 = Debug|Any CPU
		{2FF9365A-CA46-48FE-8432-958F9538295E}.Release|Any CPU.ActiveCfg = Release|Any CPU
		{2FF9365A-CA46-48FE-8432-958F9538295E}.Release|Any CPU.Build.0 = Release|Any CPU
		{48D2F710-A212-4B3A-A5F1-F44697F47E8C}.Debug|Any CPU.ActiveCfg = Debug|Any CPU
		{48D2F710-A212-4B3A-A5F1-F44697F47E8C}.Debug|Any CPU.Build.0 = Debug|Any CPU
		{48D2F710-A212-4B3A-A5F1-F44697F47E8C}.Release|Any CPU.ActiveCfg = Release|Any CPU
		{48D2F710-A212-4B3A-A5F1-F44697F47E8C}.Release|Any CPU.Build.0 = Release|Any CPU
		{29DBAB82-DC18-4C56-8B41-FEE0B39979FB}.Debug|Any CPU.ActiveCfg = Debug|Any CPU
		{29DBAB82-DC18-4C56-8B41-FEE0B39979FB}.Debug|Any CPU.Build.0 = Debug|Any CPU
		{29DBAB82-DC18-4C56-8B41-FEE0B39979FB}.Release|Any CPU.ActiveCfg = Debug|Any CPU
		{29DBAB82-DC18-4C56-8B41-FEE0B39979FB}.Release|Any CPU.Build.0 = Debug|Any CPU
	EndGlobalSection
	GlobalSection(SolutionProperties) = preSolution
		HideSolutionNode = FALSE
	EndGlobalSection
	GlobalSection(NestedProjects) = preSolution
		{01BF55FA-F2B2-48C3-86C3-E6F6F3352816} = {193D2A15-BCAA-4C6B-A4BA-002CEE2E0EFB}
		{9239C0E1-1E95-46D3-838A-95F75CE73732} = {193D2A15-BCAA-4C6B-A4BA-002CEE2E0EFB}
		{0D1D94E5-A7FA-4694-B3EB-1F464B89E067} = {193D2A15-BCAA-4C6B-A4BA-002CEE2E0EFB}
		{AB9170D9-B23E-4B96-B913-F950EE47D18B} = {193D2A15-BCAA-4C6B-A4BA-002CEE2E0EFB}
		{1CD75BD3-AEB9-48CD-B080-7AB1C89BD4F4} = {193D2A15-BCAA-4C6B-A4BA-002CEE2E0EFB}
		{A85924EC-0C23-4825-B73A-7AA909275472} = {193D2A15-BCAA-4C6B-A4BA-002CEE2E0EFB}
		{3FA29AE1-D7CB-4638-88D8-A56D36C4B1EC} = {96C904D1-ED3F-48D7-8E8B-22133E6F2706}
		{FF985E3E-7D16-44D3-877B-55795B8F7AA8} = {96C904D1-ED3F-48D7-8E8B-22133E6F2706}
		{0E2A0FCD-64A2-46EB-BBFF-8FFCFD955B53} = {96C904D1-ED3F-48D7-8E8B-22133E6F2706}
		{D0914C6D-D8F9-4A68-A890-CDE6D667BF57} = {A96B7D5E-4367-4B93-8275-B7403DEFBF0E}
		{E77C6829-8BFD-4B09-AE32-49CE3E608621} = {8F42C1CA-54D1-41A3-B04A-021B4B95435C}
		{CBA028BD-9E0E-4034-89FC-6EDCAE732643} = {8F42C1CA-54D1-41A3-B04A-021B4B95435C}
		{D3D1283C-280F-4070-B842-DC7D8683E476} = {45042545-DE08-40B0-9FC8-91C03EAC92FF}
		{2FF9365A-CA46-48FE-8432-958F9538295E} = {45042545-DE08-40B0-9FC8-91C03EAC92FF}
		{48D2F710-A212-4B3A-A5F1-F44697F47E8C} = {45042545-DE08-40B0-9FC8-91C03EAC92FF}
	EndGlobalSection
EndGlobal
